
Microsoft Visual Studio Solution File, Format Version 12.00
# Visual Studio 15
VisualStudioVersion = 15.0.28307.271
MinimumVisualStudioVersion = 10.0.40219.1
Project("{FAE04EC0-301F-11D3-BF4B-00C04F79EFBC}") = "Domain", "Domain\Domain.csproj", "{2FC8D5C3-7B54-4949-BC8E-F9D6317DE1DC}"
EndProject
Project("{FAE04EC0-301F-11D3-BF4B-00C04F79EFBC}") = "Infrastructure", "Infrastructure\Infrastructure.csproj", "{DC27D5A3-F49C-428A-BCBD-70D8FB4C927C}"
EndProject
Project("{FAE04EC0-301F-11D3-BF4B-00C04F79EFBC}") = "CountryResourceApi", "CountryResourceApi\CountryResourceApi.csproj", "{05B60908-2BE8-41AD-9601-15F12C3039B4}"
EndProject
Global
	GlobalSection(SolutionConfigurationPlatforms) = preSolution
		Debug|Any CPU = Debug|Any CPU
		Release|Any CPU = Release|Any CPU
	EndGlobalSection
	GlobalSection(ProjectConfigurationPlatforms) = postSolution
		{2FC8D5C3-7B54-4949-BC8E-F9D6317DE1DC}.Debug|Any CPU.ActiveCfg = Debug|Any CPU
		{2FC8D5C3-7B54-4949-BC8E-F9D6317DE1DC}.Debug|Any CPU.Build.0 = Debug|Any CPU
		{2FC8D5C3-7B54-4949-BC8E-F9D6317DE1DC}.Release|Any CPU.ActiveCfg = Release|Any CPU
		{2FC8D5C3-7B54-4949-BC8E-F9D6317DE1DC}.Release|Any CPU.Build.0 = Release|Any CPU
		{DC27D5A3-F49C-428A-BCBD-70D8FB4C927C}.Debug|Any CPU.ActiveCfg = Debug|Any CPU
		{DC27D5A3-F49C-428A-BCBD-70D8FB4C927C}.Debug|Any CPU.Build.0 = Debug|Any CPU
		{DC27D5A3-F49C-428A-BCBD-70D8FB4C927C}.Release|Any CPU.ActiveCfg = Release|Any CPU
		{DC27D5A3-F49C-428A-BCBD-70D8FB4C927C}.Release|Any CPU.Build.0 = Release|Any CPU
		{05B60908-2BE8-41AD-9601-15F12C3039B4}.Debug|Any CPU.ActiveCfg = Debug|Any CPU
		{05B60908-2BE8-41AD-9601-15F12C3039B4}.Debug|Any CPU.Build.0 = Debug|Any CPU
		{05B60908-2BE8-41AD-9601-15F12C3039B4}.Release|Any CPU.ActiveCfg = Release|Any CPU
		{05B60908-2BE8-41AD-9601-15F12C3039B4}.Release|Any CPU.Build.0 = Release|Any CPU
	EndGlobalSection
	GlobalSection(SolutionProperties) = preSolution
		HideSolutionNode = FALSE
	EndGlobalSection
	GlobalSection(ExtensibilityGlobals) = postSolution
		SolutionGuid = {DD45443A-AA46-41E1-B13D-DD655EB6F22B}
	EndGlobalSection
EndGlobal
